
Microsoft Visual Studio Solution File, Format Version 12.00
# Visual Studio Version 17
VisualStudioVersion = 17.11.35327.3
MinimumVisualStudioVersion = 10.0.40219.1
Project("{FAE04EC0-301F-11D3-BF4B-00C04F79EFBC}") = "SPACEWAR", "SPACEWAR\SPACEWAR.csproj", "{AC7F694D-A737-4BB8-8E02-ADC738BF9032}"
EndProject
Global
	GlobalSection(SolutionConfigurationPlatforms) = preSolution
		Debug|Any CPU = Debug|Any CPU
		Release|Any CPU = Release|Any CPU
	EndGlobalSection
	GlobalSection(ProjectConfigurationPlatforms) = postSolution
		{AC7F694D-A737-4BB8-8E02-ADC738BF9032}.Debug|Any CPU.ActiveCfg = Debug|Any CPU
		{AC7F694D-A737-4BB8-8E02-ADC738BF9032}.Debug|Any CPU.Build.0 = Debug|Any CPU
		{AC7F694D-A737-4BB8-8E02-ADC738BF9032}.Release|Any CPU.ActiveCfg = Release|Any CPU
		{AC7F694D-A737-4BB8-8E02-ADC738BF9032}.Release|Any CPU.Build.0 = Release|Any CPU
	EndGlobalSection
	GlobalSection(SolutionProperties) = preSolution
		HideSolutionNode = FALSE
	EndGlobalSection
	GlobalSection(ExtensibilityGlobals) = postSolution
		SolutionGuid = {D200DEA9-421F-47C5-87C0-21DE689AA649}
	EndGlobalSection
EndGlobal
